%{"certifi": {:hex, :certifi, "0.4.0", "a7966efb868b179023618d29a407548f70c52466bf1849b9e8ebd0e34b7ea11f", [:rebar3], []},
  "combine": {:hex, :combine, "0.7.0", "2ac6ae852a9835fe8189af18121cddd5bed2677f5df706dc0d208af668ab845d", [:mix], []},
  "connection": {:hex, :connection, "1.0.2", "f4a06dd3ecae4141aa66f94ce92ea4c4b8753069472814932f1cadbc3078ab80", [:mix], []},
  "cqrs_commands": {:hex, :cqrs_commands, "0.0.5", "3ea71a470de84b88b495a8745c47a402c14d227f3e3739b228ce84228635264b", [:mix], [{:vex, "~> 0.5.5", [hex: :vex, optional: false]}, {:uuid, "~> 1.1", [hex: :uuid, optional: false]}, {:poison, "~> 2.0.1", [hex: :poison, optional: false]}, {:plug, "~> 1.1.4", [hex: :plug, optional: false]}, {:exconstructor, "~> 1.0.2", [hex: :exconstructor, optional: false]}]},
  "cqrs_events": {:hex, :cqrs_events, "0.0.2", "2ed22bb6475d96b4b24ba6ed26b6bdba1d6e6808a7f08d7575b1c529dbb357cc", [:mix], [{:syn, "~> 1.4", [hex: :syn, optional: false]}, {:poison, "~> 2.0.1", [hex: :poison, optional: false]}, {:moebius, "~> 2.0.0", [hex: :moebius, optional: false]}]},
  "db_connection": {:hex, :db_connection, "0.2.5", "3e5e28019e0ec744345568d22a2f5206109bff0e2571f4d7819e0d14cf955f3e", [:mix], [{:sbroker, "~> 0.7", [hex: :sbroker, optional: true]}, {:poolboy, "~> 1.5", [hex: :poolboy, optional: true]}, {:connection, "~> 1.0.2", [hex: :connection, optional: false]}]},
  "decimal": {:hex, :decimal, "1.1.2", "79a769d4657b2d537b51ef3c02d29ab7141d2b486b516c109642d453ee08e00c", [:mix], []},
  "exconstructor": {:hex, :exconstructor, "1.0.2", "46c60fa258d3893c2c7d0d45f80b9c830919c38eea2a19c61acaf17f0851b902", [:mix], []},
  "gen_leader": {:hex, :gen_leader, "0.1.0", "4eff42117a135191a4cbeeb3dc8f7a288197a3ba19d29fad21eb301b62891a62", [:rebar3], []},
  "gproc": {:hex, :gproc, "0.5.0", "2df2d886f8f8a7b81a4b04aa17972b5965bbc5bf0100ea6d8e8ac6a0e7389afe", [:rebar], []},
  "hackney": {:hex, :hackney, "1.6.0", "8d1e9440c9edf23bf5e5e2fe0c71de03eb265103b72901337394c840eec679ac", [:rebar3], [{:ssl_verify_fun, "1.1.0", [hex: :ssl_verify_fun, optional: false]}, {:mimerl, "1.0.2", [hex: :mimerl, optional: false]}, {:metrics, "1.0.1", [hex: :metrics, optional: false]}, {:idna, "1.2.0", [hex: :idna, optional: false]}, {:certifi, "0.4.0", [hex: :certifi, optional: false]}]},
  "idna": {:hex, :idna, "1.2.0", "ac62ee99da068f43c50dc69acf700e03a62a348360126260e87f2b54eced86b2", [:rebar3], []},
  "inflex": {:hex, :inflex, "1.5.0", "e4ff5d900280b2011b24d1ac1c4590986ee5add2ea644c9894e72213cf93ff0b", [:mix], []},
  "metrics": {:hex, :metrics, "1.0.1", "25f094dea2cda98213cecc3aeff09e940299d950904393b2a29d191c346a8486", [:rebar3], []},
  "mimerl": {:hex, :mimerl, "1.0.2", "993f9b0e084083405ed8252b99460c4f0563e41729ab42d9074fd5e52439be88", [:rebar3], []},
  "moebius": {:hex, :moebius, "2.0.0", "f37ab30f3563624d8535383e719502e0117e729957be673f46f73999440d5d17", [:mix], [{:timex, "~> 1.0.0", [hex: :timex, optional: false]}, {:postgrex, "~> 0.11.0", [hex: :postgrex, optional: false]}, {:poolboy, "~> 1.5", [hex: :poolboy, optional: false]}, {:poison, "~> 2.0.1", [hex: :poison, optional: true]}, {:inflex, "~> 1.5.0", [hex: :inflex, optional: false]}]},
  "plug": {:hex, :plug, "1.1.4", "2eee0e85ad420db96e075b3191d3764d6fff61422b101dc5b02e9cce99cacfc7", [:mix], [{:cowboy, "~> 1.0", [hex: :cowboy, optional: true]}]},
  "poison": {:hex, :poison, "2.0.1", "81248a36d1b602b17ea6556bfa8952492091f01af05173de11f8b297e2bbf088", [:mix], []},
  "poolboy": {:hex, :poolboy, "1.5.1", "6b46163901cfd0a1b43d692657ed9d7e599853b3b21b95ae5ae0a777cf9b6ca8", [:rebar], []},
  "postgrex": {:hex, :postgrex, "0.11.1", "f48af70c0a58b9bfd1aaa456ec4273624554cfb837726b6a7f0701da4a94b2dd", [:mix], [{:decimal, "~> 1.0", [hex: :decimal, optional: false]}, {:db_connection, "~> 0.2", [hex: :db_connection, optional: false]}, {:connection, "~> 1.0", [hex: :connection, optional: false]}]},
  "ssl_verify_fun": {:hex, :ssl_verify_fun, "1.1.0", "edee20847c42e379bf91261db474ffbe373f8acb56e9079acb6038d4e0bf414f", [:rebar, :make], []},
  "syn": {:hex, :syn, "1.4.0", "4de3eb031f3f986326a8fcc872162d73570f443304f7fd13caf36e36e28a118b", [:rebar3], []},
  "timex": {:hex, :timex, "1.0.2", "a07f2234298749c0eeede7e6da2534acf35c2c4529c4240d390828953aafd038", [:mix], [{:tzdata, "~> 0.1.8 or ~> 0.5", [hex: :tzdata, optional: false]}, {:combine, "~> 0.7", [hex: :combine, optional: false]}]},
  "tzdata": {:hex, :tzdata, "0.5.7", "10a4176023c2b294f1bbb98594a646ef25d658ca507b2da20a5952072d6080c4", [:mix], [{:hackney, "~> 1.0", [hex: :hackney, optional: false]}]},
  "uuid": {:hex, :uuid, "1.1.3", "06ca38801a1a95b751701ca40716bb97ddf76dfe7e26da0eec7dba636740d57a", [:mix], []},
  "vex": {:hex, :vex, "0.5.5", "d1c79c1cfba39d400df16c1653a81f1ea7d485a9983dd1a54568e35eafad17fa", [:mix], []}}
